
Microsoft Visual Studio Solution File, Format Version 12.00
Project("{FAE04EC0-301F-11D3-BF4B-00C04F79EFBC}") = "ADO_Net_Demo.App", "ADO_Net_Demo.App\ADO_Net_Demo.App.csproj", "{AAFF9183-2A11-4F2F-9CD7-D57D54B096C8}"
EndProject
Global
	GlobalSection(SolutionConfigurationPlatforms) = preSolution
		Debug|Any CPU = Debug|Any CPU
		Release|Any CPU = Release|Any CPU
	EndGlobalSection
	GlobalSection(ProjectConfigurationPlatforms) = postSolution
		{AAFF9183-2A11-4F2F-9CD7-D57D54B096C8}.Debug|Any CPU.ActiveCfg = Debug|Any CPU
		{AAFF9183-2A11-4F2F-9CD7-D57D54B096C8}.Debug|Any CPU.Build.0 = Debug|Any CPU
		{AAFF9183-2A11-4F2F-9CD7-D57D54B096C8}.Release|Any CPU.ActiveCfg = Release|Any CPU
		{AAFF9183-2A11-4F2F-9CD7-D57D54B096C8}.Release|Any CPU.Build.0 = Release|Any CPU
	EndGlobalSection
EndGlobal
